
Microsoft Visual Studio Solution File, Format Version 12.00
# Visual Studio Version 17
VisualStudioVersion = 17.5.33530.505
MinimumVisualStudioVersion = 10.0.40219.1
Project("{FAE04EC0-301F-11D3-BF4B-00C04F79EFBC}") = "Invoicing", "Invoicing\Invoicing.csproj", "{C0FDEAF4-5CD7-4821-BCB3-E3323555149C}"
EndProject
Global
	GlobalSection(SolutionConfigurationPlatforms) = preSolution
		Debug|Any CPU = Debug|Any CPU
		Release|Any CPU = Release|Any CPU
	EndGlobalSection
	GlobalSection(ProjectConfigurationPlatforms) = postSolution
		{C0FDEAF4-5CD7-4821-BCB3-E3323555149C}.Debug|Any CPU.ActiveCfg = Debug|Any CPU
		{C0FDEAF4-5CD7-4821-BCB3-E3323555149C}.Debug|Any CPU.Build.0 = Debug|Any CPU
		{C0FDEAF4-5CD7-4821-BCB3-E3323555149C}.Release|Any CPU.ActiveCfg = Release|Any CPU
		{C0FDEAF4-5CD7-4821-BCB3-E3323555149C}.Release|Any CPU.Build.0 = Release|Any CPU
	EndGlobalSection
	GlobalSection(SolutionProperties) = preSolution
		HideSolutionNode = FALSE
	EndGlobalSection
	GlobalSection(ExtensibilityGlobals) = postSolution
		SolutionGuid = {33782475-F13E-4732-B0AF-624215A7782F}
	EndGlobalSection
EndGlobal
